
Microsoft Visual Studio Solution File, Format Version 12.00
# Visual Studio 14
VisualStudioVersion = 14.0.24720.0
MinimumVisualStudioVersion = 10.0.40219.1
Project("{F2A71F9B-5D33-465A-A702-920D77279786}") = "WSForms", "WSForms\WSForms.fsproj", "{3CA6EC1D-6238-4C47-9542-DE132ABF2B73}"
EndProject
Project("{2150E333-8FDC-42A3-9474-1A3956D46DE8}") = ".paket", ".paket", "{1968A106-9771-44FB-A768-C12B3034D53C}"
	ProjectSection(SolutionItems) = preProject
		paket.dependencies = paket.dependencies
		paket.lock = paket.lock
	EndProjectSection
EndProject
Global
	GlobalSection(SolutionConfigurationPlatforms) = preSolution
		Debug|Any CPU = Debug|Any CPU
		Release|Any CPU = Release|Any CPU
	EndGlobalSection
	GlobalSection(ProjectConfigurationPlatforms) = postSolution
		{3CA6EC1D-6238-4C47-9542-DE132ABF2B73}.Debug|Any CPU.ActiveCfg = Debug|Any CPU
		{3CA6EC1D-6238-4C47-9542-DE132ABF2B73}.Debug|Any CPU.Build.0 = Debug|Any CPU
		{3CA6EC1D-6238-4C47-9542-DE132ABF2B73}.Release|Any CPU.ActiveCfg = Release|Any CPU
		{3CA6EC1D-6238-4C47-9542-DE132ABF2B73}.Release|Any CPU.Build.0 = Release|Any CPU
	EndGlobalSection
	GlobalSection(SolutionProperties) = preSolution
		HideSolutionNode = FALSE
	EndGlobalSection
EndGlobal
